
Microsoft Visual Studio Solution File, Format Version 12.00
# Visual Studio Version 17
VisualStudioVersion = 17.12.35514.174
MinimumVisualStudioVersion = 10.0.40219.1
Project("{FAE04EC0-301F-11D3-BF4B-00C04F79EFBC}") = "Xamarin.NearpayStoreSDK", "Xamarin.NearpayStoreSDK\Xamarin.NearpayStoreSDK.csproj", "{A001A44B-345F-4893-9D34-76BD15134DDC}"
EndProject
Project("{FAE04EC0-301F-11D3-BF4B-00C04F79EFBC}") = "Sample", "Xamarin.NearpayStoreSDK.Sample\Sample.csproj", "{C3A2DA2A-3972-49DB-B9F0-B1CA486F9874}"
EndProject
Global
	GlobalSection(SolutionConfigurationPlatforms) = preSolution
		Debug|Any CPU = Debug|Any CPU
		Release|Any CPU = Release|Any CPU
	EndGlobalSection
	GlobalSection(ProjectConfigurationPlatforms) = postSolution
		{A001A44B-345F-4893-9D34-76BD15134DDC}.Debug|Any CPU.ActiveCfg = Debug|Any CPU
		{A001A44B-345F-4893-9D34-76BD15134DDC}.Debug|Any CPU.Build.0 = Debug|Any CPU
		{A001A44B-345F-4893-9D34-76BD15134DDC}.Release|Any CPU.ActiveCfg = Release|Any CPU
		{A001A44B-345F-4893-9D34-76BD15134DDC}.Release|Any CPU.Build.0 = Release|Any CPU
		{C3A2DA2A-3972-49DB-B9F0-B1CA486F9874}.Debug|Any CPU.ActiveCfg = Debug|Any CPU
		{C3A2DA2A-3972-49DB-B9F0-B1CA486F9874}.Debug|Any CPU.Build.0 = Debug|Any CPU
		{C3A2DA2A-3972-49DB-B9F0-B1CA486F9874}.Debug|Any CPU.Deploy.0 = Debug|Any CPU
		{C3A2DA2A-3972-49DB-B9F0-B1CA486F9874}.Release|Any CPU.ActiveCfg = Release|Any CPU
		{C3A2DA2A-3972-49DB-B9F0-B1CA486F9874}.Release|Any CPU.Build.0 = Release|Any CPU
		{C3A2DA2A-3972-49DB-B9F0-B1CA486F9874}.Release|Any CPU.Deploy.0 = Release|Any CPU
	EndGlobalSection
	GlobalSection(SolutionProperties) = preSolution
		HideSolutionNode = FALSE
	EndGlobalSection
EndGlobal
